
Microsoft Visual Studio Solution File, Format Version 12.00
# Visual Studio Version 17
VisualStudioVersion = 17.5.33414.496
MinimumVisualStudioVersion = 10.0.40219.1
Project("{FAE04EC0-301F-11D3-BF4B-00C04F79EFBC}") = "India", "India\India.csproj", "{C95B4588-1A13-4869-9C98-74D8F11EE045}"
EndProject
Global
	GlobalSection(SolutionConfigurationPlatforms) = preSolution
		Debug|Any CPU = Debug|Any CPU
		Release|Any CPU = Release|Any CPU
	EndGlobalSection
	GlobalSection(ProjectConfigurationPlatforms) = postSolution
		{C95B4588-1A13-4869-9C98-74D8F11EE045}.Debug|Any CPU.ActiveCfg = Debug|Any CPU
		{C95B4588-1A13-4869-9C98-74D8F11EE045}.Debug|Any CPU.Build.0 = Debug|Any CPU
		{C95B4588-1A13-4869-9C98-74D8F11EE045}.Release|Any CPU.ActiveCfg = Release|Any CPU
		{C95B4588-1A13-4869-9C98-74D8F11EE045}.Release|Any CPU.Build.0 = Release|Any CPU
	EndGlobalSection
	GlobalSection(SolutionProperties) = preSolution
		HideSolutionNode = FALSE
	EndGlobalSection
	GlobalSection(ExtensibilityGlobals) = postSolution
		SolutionGuid = {D7DA6093-AEE7-4369-B615-D3ED67300E11}
	EndGlobalSection
EndGlobal
