
Microsoft Visual Studio Solution File, Format Version 12.00
# Visual Studio Version 17
VisualStudioVersion = 17.5.33414.496
MinimumVisualStudioVersion = 10.0.40219.1
Project("{FAE04EC0-301F-11D3-BF4B-00C04F79EFBC}") = "WindowsFormsApp1", "WindowsFormsApp1\WindowsFormsApp1.csproj", "{A0C7D24C-1543-434D-A9FB-434C83393523}"
EndProject
Global
	GlobalSection(SolutionConfigurationPlatforms) = preSolution
		Debug|Any CPU = Debug|Any CPU
		Release|Any CPU = Release|Any CPU
	EndGlobalSection
	GlobalSection(ProjectConfigurationPlatforms) = postSolution
		{A0C7D24C-1543-434D-A9FB-434C83393523}.Debug|Any CPU.ActiveCfg = Debug|Any CPU
		{A0C7D24C-1543-434D-A9FB-434C83393523}.Debug|Any CPU.Build.0 = Debug|Any CPU
		{A0C7D24C-1543-434D-A9FB-434C83393523}.Release|Any CPU.ActiveCfg = Release|Any CPU
		{A0C7D24C-1543-434D-A9FB-434C83393523}.Release|Any CPU.Build.0 = Release|Any CPU
	EndGlobalSection
	GlobalSection(SolutionProperties) = preSolution
		HideSolutionNode = FALSE
	EndGlobalSection
	GlobalSection(ExtensibilityGlobals) = postSolution
		SolutionGuid = {F5927C49-C3E5-49C2-BB8B-FA98B4D78AF3}
	EndGlobalSection
EndGlobal
