
Microsoft Visual Studio Solution File, Format Version 12.00
# Visual Studio Version 17
VisualStudioVersion = 17.5.33414.496
MinimumVisualStudioVersion = 10.0.40219.1
Project("{FAE04EC0-301F-11D3-BF4B-00C04F79EFBC}") = "Automobiles", "Automobiles\Automobiles.csproj", "{48B6CE18-B678-48C5-B2B0-555C159CF36B}"
EndProject
Global
	GlobalSection(SolutionConfigurationPlatforms) = preSolution
		Debug|Any CPU = Debug|Any CPU
		Release|Any CPU = Release|Any CPU
	EndGlobalSection
	GlobalSection(ProjectConfigurationPlatforms) = postSolution
		{48B6CE18-B678-48C5-B2B0-555C159CF36B}.Debug|Any CPU.ActiveCfg = Debug|Any CPU
		{48B6CE18-B678-48C5-B2B0-555C159CF36B}.Debug|Any CPU.Build.0 = Debug|Any CPU
		{48B6CE18-B678-48C5-B2B0-555C159CF36B}.Release|Any CPU.ActiveCfg = Release|Any CPU
		{48B6CE18-B678-48C5-B2B0-555C159CF36B}.Release|Any CPU.Build.0 = Release|Any CPU
	EndGlobalSection
	GlobalSection(SolutionProperties) = preSolution
		HideSolutionNode = FALSE
	EndGlobalSection
	GlobalSection(ExtensibilityGlobals) = postSolution
		SolutionGuid = {265D98B9-B116-4A80-8769-21B612C3F307}
	EndGlobalSection
EndGlobal
