
Microsoft Visual Studio Solution File, Format Version 12.00
# Visual Studio Version 17
VisualStudioVersion = 17.6.33712.159
MinimumVisualStudioVersion = 10.0.40219.1
Project("{FAE04EC0-301F-11D3-BF4B-00C04F79EFBC}") = "aud10", "aud10\aud10.csproj", "{F1376425-3CFC-49AC-A915-0D668FAF346D}"
EndProject
Global
	GlobalSection(SolutionConfigurationPlatforms) = preSolution
		Debug|Any CPU = Debug|Any CPU
		Release|Any CPU = Release|Any CPU
	EndGlobalSection
	GlobalSection(ProjectConfigurationPlatforms) = postSolution
		{F1376425-3CFC-49AC-A915-0D668FAF346D}.Debug|Any CPU.ActiveCfg = Debug|Any CPU
		{F1376425-3CFC-49AC-A915-0D668FAF346D}.Debug|Any CPU.Build.0 = Debug|Any CPU
		{F1376425-3CFC-49AC-A915-0D668FAF346D}.Release|Any CPU.ActiveCfg = Release|Any CPU
		{F1376425-3CFC-49AC-A915-0D668FAF346D}.Release|Any CPU.Build.0 = Release|Any CPU
	EndGlobalSection
	GlobalSection(SolutionProperties) = preSolution
		HideSolutionNode = FALSE
	EndGlobalSection
	GlobalSection(ExtensibilityGlobals) = postSolution
		SolutionGuid = {DB1AFF6E-50C5-4DFA-98F9-B9263CA68533}
	EndGlobalSection
EndGlobal
